
Microsoft Visual Studio Solution File, Format Version 11.00
# Visual Studio 2010
Project("{FAE04EC0-301F-11D3-BF4B-00C04F79EFBC}") = "dfdfdfd", "Assembly-CSharp.csproj", "{BE79154A-F09B-3EA1-E274-4D1BAB62B3D2}"
EndProject
Global
	GlobalSection(SolutionConfigurationPlatforms) = preSolution
		Debug|Any CPU = Debug|Any CPU
		Release|Any CPU = Release|Any CPU
	EndGlobalSection
	GlobalSection(ProjectConfigurationPlatforms) = postSolution
		{BE79154A-F09B-3EA1-E274-4D1BAB62B3D2}.Debug|Any CPU.ActiveCfg = Debug|Any CPU
		{BE79154A-F09B-3EA1-E274-4D1BAB62B3D2}.Debug|Any CPU.Build.0 = Debug|Any CPU
		{BE79154A-F09B-3EA1-E274-4D1BAB62B3D2}.Release|Any CPU.ActiveCfg = Release|Any CPU
		{BE79154A-F09B-3EA1-E274-4D1BAB62B3D2}.Release|Any CPU.Build.0 = Release|Any CPU
	EndGlobalSection
	GlobalSection(SolutionProperties) = preSolution
		HideSolutionNode = FALSE
	EndGlobalSection
	GlobalSection(MonoDevelopProperties) = preSolution
		StartupItem = Assembly-CSharp.csproj
	EndGlobalSection
EndGlobal
